
Microsoft Visual Studio Solution File, Format Version 12.00
# Visual Studio 2013
VisualStudioVersion = 12.0.31101.0
MinimumVisualStudioVersion = 10.0.40219.1
Project("{8BC9CEB8-8B4A-11D0-8D11-00A0C91BC942}") = "prac_cpp", "prac_cpp\prac_cpp.vcxproj", "{B6870B63-7379-4D5C-9EED-B61718418D65}"
EndProject
Project("{8BC9CEB8-8B4A-11D0-8D11-00A0C91BC942}") = "repos", "repos\repos.vcxproj", "{86828B8F-B03C-4E88-8086-CF24376ACD69}"
EndProject
Global
	GlobalSection(SolutionConfigurationPlatforms) = preSolution
		Debug|Win32 = Debug|Win32
		Release|Win32 = Release|Win32
	EndGlobalSection
	GlobalSection(ProjectConfigurationPlatforms) = postSolution
		{B6870B63-7379-4D5C-9EED-B61718418D65}.Debug|Win32.ActiveCfg = Debug|Win32
		{B6870B63-7379-4D5C-9EED-B61718418D65}.Debug|Win32.Build.0 = Debug|Win32
		{B6870B63-7379-4D5C-9EED-B61718418D65}.Release|Win32.ActiveCfg = Release|Win32
		{B6870B63-7379-4D5C-9EED-B61718418D65}.Release|Win32.Build.0 = Release|Win32
		{86828B8F-B03C-4E88-8086-CF24376ACD69}.Debug|Win32.ActiveCfg = Debug|Win32
		{86828B8F-B03C-4E88-8086-CF24376ACD69}.Debug|Win32.Build.0 = Debug|Win32
		{86828B8F-B03C-4E88-8086-CF24376ACD69}.Release|Win32.ActiveCfg = Release|Win32
		{86828B8F-B03C-4E88-8086-CF24376ACD69}.Release|Win32.Build.0 = Release|Win32
	EndGlobalSection
	GlobalSection(SolutionProperties) = preSolution
		HideSolutionNode = FALSE
	EndGlobalSection
EndGlobal
